
Microsoft Visual Studio Solution File, Format Version 12.00
# Visual Studio Version 17
VisualStudioVersion = 17.10.35013.160
MinimumVisualStudioVersion = 10.0.40219.1
Project("{FAE04EC0-301F-11D3-BF4B-00C04F79EFBC}") = "Presentation", "Presentation\Presentation.csproj", "{0ECAB3F9-98F7-4FC5-BCE8-8F603FA3CFBB}"
EndProject
Project("{FAE04EC0-301F-11D3-BF4B-00C04F79EFBC}") = "Application", "Application\Application.csproj", "{A3849B33-DDDE-49EF-B7C2-D53C5F23549F}"
EndProject
Project("{FAE04EC0-301F-11D3-BF4B-00C04F79EFBC}") = "Domain", "Domain\Domain.csproj", "{66EB6089-2261-4493-9966-35758CF2D78E}"
EndProject
Global
	GlobalSection(SolutionConfigurationPlatforms) = preSolution
		Debug|Any CPU = Debug|Any CPU
		Release|Any CPU = Release|Any CPU
	EndGlobalSection
	GlobalSection(ProjectConfigurationPlatforms) = postSolution
		{0ECAB3F9-98F7-4FC5-BCE8-8F603FA3CFBB}.Debug|Any CPU.ActiveCfg = Debug|Any CPU
		{0ECAB3F9-98F7-4FC5-BCE8-8F603FA3CFBB}.Debug|Any CPU.Build.0 = Debug|Any CPU
		{0ECAB3F9-98F7-4FC5-BCE8-8F603FA3CFBB}.Release|Any CPU.ActiveCfg = Release|Any CPU
		{0ECAB3F9-98F7-4FC5-BCE8-8F603FA3CFBB}.Release|Any CPU.Build.0 = Release|Any CPU
		{A3849B33-DDDE-49EF-B7C2-D53C5F23549F}.Debug|Any CPU.ActiveCfg = Debug|Any CPU
		{A3849B33-DDDE-49EF-B7C2-D53C5F23549F}.Debug|Any CPU.Build.0 = Debug|Any CPU
		{A3849B33-DDDE-49EF-B7C2-D53C5F23549F}.Release|Any CPU.ActiveCfg = Release|Any CPU
		{A3849B33-DDDE-49EF-B7C2-D53C5F23549F}.Release|Any CPU.Build.0 = Release|Any CPU
		{66EB6089-2261-4493-9966-35758CF2D78E}.Debug|Any CPU.ActiveCfg = Debug|Any CPU
		{66EB6089-2261-4493-9966-35758CF2D78E}.Debug|Any CPU.Build.0 = Debug|Any CPU
		{66EB6089-2261-4493-9966-35758CF2D78E}.Release|Any CPU.ActiveCfg = Release|Any CPU
		{66EB6089-2261-4493-9966-35758CF2D78E}.Release|Any CPU.Build.0 = Release|Any CPU
	EndGlobalSection
	GlobalSection(SolutionProperties) = preSolution
		HideSolutionNode = FALSE
	EndGlobalSection
	GlobalSection(ExtensibilityGlobals) = postSolution
		SolutionGuid = {6306FDD0-0A32-4C8C-B4CD-7F3B66A0041C}
	EndGlobalSection
EndGlobal
